
Microsoft Visual Studio Solution File, Format Version 12.00
# Visual Studio Version 16
VisualStudioVersion = 16.0.29215.179
MinimumVisualStudioVersion = 10.0.40219.1
Project("{FAE04EC0-301F-11D3-BF4B-00C04F79EFBC}") = "pa6", "pa6\pa6.csproj", "{B74B15A8-450F-41F7-BDC8-35D54F5A9466}"
EndProject
Global
	GlobalSection(SolutionConfigurationPlatforms) = preSolution
		Debug|Any CPU = Debug|Any CPU
		Release|Any CPU = Release|Any CPU
	EndGlobalSection
	GlobalSection(ProjectConfigurationPlatforms) = postSolution
		{B74B15A8-450F-41F7-BDC8-35D54F5A9466}.Debug|Any CPU.ActiveCfg = Debug|Any CPU
		{B74B15A8-450F-41F7-BDC8-35D54F5A9466}.Debug|Any CPU.Build.0 = Debug|Any CPU
		{B74B15A8-450F-41F7-BDC8-35D54F5A9466}.Release|Any CPU.ActiveCfg = Release|Any CPU
		{B74B15A8-450F-41F7-BDC8-35D54F5A9466}.Release|Any CPU.Build.0 = Release|Any CPU
	EndGlobalSection
	GlobalSection(SolutionProperties) = preSolution
		HideSolutionNode = FALSE
	EndGlobalSection
	GlobalSection(ExtensibilityGlobals) = postSolution
		SolutionGuid = {457D1553-E785-432E-BEB8-DFEF12AB89CC}
	EndGlobalSection
EndGlobal
